
Microsoft Visual Studio Solution File, Format Version 12.00
# Visual Studio 15
VisualStudioVersion = 15.0.27004.2009
MinimumVisualStudioVersion = 10.0.40219.1
Project("{FAE04EC0-301F-11D3-BF4B-00C04F79EFBC}") = "Wr.UmbracoPhoneManager", "Wr.UmbracoPhoneManager\Wr.UmbracoPhoneManager.csproj", "{39A904B2-50CD-46E0-ACF8-91ADC2748DBA}"
EndProject
Project("{FAE04EC0-301F-11D3-BF4B-00C04F79EFBC}") = "Wr.UmbracoPhoneManager.Tests", "Wr.UmbracoPhoneManager.Tests\Wr.UmbracoPhoneManager.Tests.csproj", "{549AC9FD-7202-4E16-BEF6-D6879ABE17DC}"
EndProject
Global
	GlobalSection(SolutionConfigurationPlatforms) = preSolution
		Debug|Any CPU = Debug|Any CPU
		Release|Any CPU = Release|Any CPU
	EndGlobalSection
	GlobalSection(ProjectConfigurationPlatforms) = postSolution
		{39A904B2-50CD-46E0-ACF8-91ADC2748DBA}.Debug|Any CPU.ActiveCfg = Debug|Any CPU
		{39A904B2-50CD-46E0-ACF8-91ADC2748DBA}.Debug|Any CPU.Build.0 = Debug|Any CPU
		{39A904B2-50CD-46E0-ACF8-91ADC2748DBA}.Release|Any CPU.ActiveCfg = Release|Any CPU
		{39A904B2-50CD-46E0-ACF8-91ADC2748DBA}.Release|Any CPU.Build.0 = Release|Any CPU
		{549AC9FD-7202-4E16-BEF6-D6879ABE17DC}.Debug|Any CPU.ActiveCfg = Debug|Any CPU
		{549AC9FD-7202-4E16-BEF6-D6879ABE17DC}.Debug|Any CPU.Build.0 = Debug|Any CPU
		{549AC9FD-7202-4E16-BEF6-D6879ABE17DC}.Release|Any CPU.ActiveCfg = Release|Any CPU
		{549AC9FD-7202-4E16-BEF6-D6879ABE17DC}.Release|Any CPU.Build.0 = Release|Any CPU
	EndGlobalSection
	GlobalSection(SolutionProperties) = preSolution
		HideSolutionNode = FALSE
	EndGlobalSection
	GlobalSection(ExtensibilityGlobals) = postSolution
		SolutionGuid = {34EB4130-504F-4CE6-B021-9023C41CD446}
	EndGlobalSection
EndGlobal
